
Microsoft Visual Studio Solution File, Format Version 12.00
# Visual Studio Version 16
VisualStudioVersion = 16.0.32630.194
MinimumVisualStudioVersion = 10.0.40219.1
Project("{8BC9CEB8-8B4A-11D0-8D11-00A0C91BC942}") = "FFmpegExcercise01", "FFmpegExcercise01\FFmpegExcercise01.vcxproj", "{63F1FE1A-C638-4C7F-B3BA-ECC9B06FB3EF}"
EndProject
Project("{8BC9CEB8-8B4A-11D0-8D11-00A0C91BC942}") = "CutVideo", "CutVideo\CutVideo.vcxproj", "{5BE1573A-1B96-4148-869F-C04439077592}"
EndProject
Project("{8BC9CEB8-8B4A-11D0-8D11-00A0C91BC942}") = "AVMerge", "AVMerge\AVMerge.vcxproj", "{F227ED3B-70B5-4E03-A18B-81E2386795AA}"
EndProject
Project("{8BC9CEB8-8B4A-11D0-8D11-00A0C91BC942}") = "DecodeAudio", "DecodeAudio\DecodeAudio.vcxproj", "{9BD2DB40-5825-4992-9E7E-F3846217FCD7}"
EndProject
Project("{8BC9CEB8-8B4A-11D0-8D11-00A0C91BC942}") = "DecodeVideo", "DecodeVideo\DecodeVideo.vcxproj", "{85B3AF8F-7F13-469A-9E11-45B5DCF5E00F}"
EndProject
Project("{8BC9CEB8-8B4A-11D0-8D11-00A0C91BC942}") = "EncodeAudio", "EncodeAudio\EncodeAudio.vcxproj", "{2FA90E31-2066-4407-BC9F-67DBFEC20871}"
EndProject
Project("{8BC9CEB8-8B4A-11D0-8D11-00A0C91BC942}") = "EncodeVideo", "EncodeVideo\EncodeVideo.vcxproj", "{CF9D9E1E-1D66-4D37-87DD-F18530786F99}"
EndProject
Project("{8BC9CEB8-8B4A-11D0-8D11-00A0C91BC942}") = "ExtractAudio", "ExtractAudio\ExtractAudio.vcxproj", "{C405C25C-A236-40DE-ABAB-F2CB81133EFC}"
EndProject
Project("{8BC9CEB8-8B4A-11D0-8D11-00A0C91BC942}") = "ExtractVideo", "ExtractVideo\ExtractVideo.vcxproj", "{910C429A-3650-4E89-8B88-6340E895D471}"
EndProject
Project("{8BC9CEB8-8B4A-11D0-8D11-00A0C91BC942}") = "Muxing", "Muxing\Muxing.vcxproj", "{72553B18-B0D5-41DA-937D-083FBCFC0EE5}"
EndProject
Project("{8BC9CEB8-8B4A-11D0-8D11-00A0C91BC942}") = "Remuxing", "Remuxing\Remuxing.vcxproj", "{F72172D7-E61A-4055-B9CD-CDDB350281BE}"
EndProject
Project("{8BC9CEB8-8B4A-11D0-8D11-00A0C91BC942}") = "MediaInfo", "MediaInfo\MediaInfo.vcxproj", "{FF7CA75C-B247-47C9-A6B5-A7E3F8CEB67A}"
EndProject
Project("{8BC9CEB8-8B4A-11D0-8D11-00A0C91BC942}") = "ResamplingAudio", "ResamplingAudio\ResamplingAudio.vcxproj", "{A6CF050F-A409-427E-A4A3-EF409321B1B4}"
EndProject
Project("{8BC9CEB8-8B4A-11D0-8D11-00A0C91BC942}") = "ScalingVideo", "ScalingVideo\ScalingVideo.vcxproj", "{E6168990-6C41-4A50-A696-3F3F6D7F6057}"
EndProject
Project("{8BC9CEB8-8B4A-11D0-8D11-00A0C91BC942}") = "VideoToPicture", "VideoToPicture\VideoToPicture.vcxproj", "{481CB4F6-5A1F-4886-91AA-B9435263FDF4}"
EndProject
Project("{8BC9CEB8-8B4A-11D0-8D11-00A0C91BC942}") = "YUVPlayer", "YUVPlayer\YUVPlayer.vcxproj", "{24852CE2-6F61-4D23-AF90-40335DA93771}"
EndProject
Project("{8BC9CEB8-8B4A-11D0-8D11-00A0C91BC942}") = "PCMPlayer", "PCMPlayer\PCMPlayer.vcxproj", "{5AA515F7-E4FA-4E31-9994-819FBFC59CBB}"
EndProject
Project("{2150E333-8FDC-42A3-9474-1A3956D46DE8}") = "Solution Items", "Solution Items", "{2575F728-FAEE-4424-829F-2B887BC977B6}"
	ProjectSection(SolutionItems) = preProject
		.clang-format = .clang-format
	EndProjectSection
EndProject
Project("{8BC9CEB8-8B4A-11D0-8D11-00A0C91BC942}") = "Player_PacketQueue", "Player_PacketQueue\Player_PacketQueue.vcxproj", "{47A7AAC5-367F-416E-9F65-9DF8FDDD9A5E}"
EndProject
Project("{8BC9CEB8-8B4A-11D0-8D11-00A0C91BC942}") = "Player_MultiThread", "Player_MultiThread\Player_MultiThread.vcxproj", "{98B84273-BD74-4937-84D0-DACD915FE1B9}"
EndProject
Project("{8BC9CEB8-8B4A-11D0-8D11-00A0C91BC942}") = "Player_Sync", "Player_Sync\Player_Sync.vcxproj", "{7D2ACA25-4F20-4678-9F02-49CA39D96D31}"
EndProject
Project("{8BC9CEB8-8B4A-11D0-8D11-00A0C91BC942}") = "Player_audioStream", "Player_audioStream\Player_audioStream.vcxproj", "{43CBF9D2-FF13-4307-98DF-CE7E8F8CB17D}"
EndProject
Project("{8BC9CEB8-8B4A-11D0-8D11-00A0C91BC942}") = "Player_videoStream", "Player_videoStream\Player_videoStream.vcxproj", "{29686E92-1C0C-4E7A-A435-02D12B3FE85B}"
EndProject
Project("{8BC9CEB8-8B4A-11D0-8D11-00A0C91BC942}") = "Player_Multi_Sync", "Player_Multi_Sync\Player_Multi_Sync.vcxproj", "{7E6B4FC6-7258-49B1-AD1E-E889F98FEF99}"
EndProject
Project("{8BC9CEB8-8B4A-11D0-8D11-00A0C91BC942}") = "Player_Seek", "Player_Seek\Player_Seek.vcxproj", "{DDB5D51F-BA60-4E18-82EE-E15CE307F6F8}"
EndProject
Project("{8BC9CEB8-8B4A-11D0-8D11-00A0C91BC942}") = "SimplePlayer", "SimplePlayer\SimplePlayer.vcxproj", "{87358B90-8A8B-4DAD-A6A2-430135BC5EE8}"
EndProject
Project("{8BC9CEB8-8B4A-11D0-8D11-00A0C91BC942}") = "MyFFplayer", "MyFFplayer\MyFFplayer.vcxproj", "{3DC4D201-3459-4279-B0D4-232B53568222}"
EndProject
Project("{8BC9CEB8-8B4A-11D0-8D11-00A0C91BC942}") = "SimplePlayerPlus", "SimplePlayerPlus\SimplePlayerPlus.vcxproj", "{EC1FE248-EBE8-47E8-AFCD-4725B213DB97}"
EndProject
Global
	GlobalSection(SolutionConfigurationPlatforms) = preSolution
		Debug|x64 = Debug|x64
		Debug|x86 = Debug|x86
		Release|x64 = Release|x64
		Release|x86 = Release|x86
	EndGlobalSection
	GlobalSection(ProjectConfigurationPlatforms) = postSolution
		{63F1FE1A-C638-4C7F-B3BA-ECC9B06FB3EF}.Debug|x64.ActiveCfg = Debug|x64
		{63F1FE1A-C638-4C7F-B3BA-ECC9B06FB3EF}.Debug|x64.Build.0 = Debug|x64
		{63F1FE1A-C638-4C7F-B3BA-ECC9B06FB3EF}.Debug|x86.ActiveCfg = Debug|Win32
		{63F1FE1A-C638-4C7F-B3BA-ECC9B06FB3EF}.Debug|x86.Build.0 = Debug|Win32
		{63F1FE1A-C638-4C7F-B3BA-ECC9B06FB3EF}.Release|x64.ActiveCfg = Release|x64
		{63F1FE1A-C638-4C7F-B3BA-ECC9B06FB3EF}.Release|x64.Build.0 = Release|x64
		{63F1FE1A-C638-4C7F-B3BA-ECC9B06FB3EF}.Release|x86.ActiveCfg = Release|Win32
		{63F1FE1A-C638-4C7F-B3BA-ECC9B06FB3EF}.Release|x86.Build.0 = Release|Win32
		{5BE1573A-1B96-4148-869F-C04439077592}.Debug|x64.ActiveCfg = Debug|x64
		{5BE1573A-1B96-4148-869F-C04439077592}.Debug|x64.Build.0 = Debug|x64
		{5BE1573A-1B96-4148-869F-C04439077592}.Debug|x86.ActiveCfg = Debug|Win32
		{5BE1573A-1B96-4148-869F-C04439077592}.Debug|x86.Build.0 = Debug|Win32
		{5BE1573A-1B96-4148-869F-C04439077592}.Release|x64.ActiveCfg = Release|x64
		{5BE1573A-1B96-4148-869F-C04439077592}.Release|x64.Build.0 = Release|x64
		{5BE1573A-1B96-4148-869F-C04439077592}.Release|x86.ActiveCfg = Release|Win32
		{5BE1573A-1B96-4148-869F-C04439077592}.Release|x86.Build.0 = Release|Win32
		{F227ED3B-70B5-4E03-A18B-81E2386795AA}.Debug|x64.ActiveCfg = Debug|x64
		{F227ED3B-70B5-4E03-A18B-81E2386795AA}.Debug|x64.Build.0 = Debug|x64
		{F227ED3B-70B5-4E03-A18B-81E2386795AA}.Debug|x86.ActiveCfg = Debug|Win32
		{F227ED3B-70B5-4E03-A18B-81E2386795AA}.Debug|x86.Build.0 = Debug|Win32
		{F227ED3B-70B5-4E03-A18B-81E2386795AA}.Release|x64.ActiveCfg = Release|x64
		{F227ED3B-70B5-4E03-A18B-81E2386795AA}.Release|x64.Build.0 = Release|x64
		{F227ED3B-70B5-4E03-A18B-81E2386795AA}.Release|x86.ActiveCfg = Release|Win32
		{F227ED3B-70B5-4E03-A18B-81E2386795AA}.Release|x86.Build.0 = Release|Win32
		{9BD2DB40-5825-4992-9E7E-F3846217FCD7}.Debug|x64.ActiveCfg = Debug|x64
		{9BD2DB40-5825-4992-9E7E-F3846217FCD7}.Debug|x64.Build.0 = Debug|x64
		{9BD2DB40-5825-4992-9E7E-F3846217FCD7}.Debug|x86.ActiveCfg = Debug|Win32
		{9BD2DB40-5825-4992-9E7E-F3846217FCD7}.Debug|x86.Build.0 = Debug|Win32
		{9BD2DB40-5825-4992-9E7E-F3846217FCD7}.Release|x64.ActiveCfg = Release|x64
		{9BD2DB40-5825-4992-9E7E-F3846217FCD7}.Release|x64.Build.0 = Release|x64
		{9BD2DB40-5825-4992-9E7E-F3846217FCD7}.Release|x86.ActiveCfg = Release|Win32
		{9BD2DB40-5825-4992-9E7E-F3846217FCD7}.Release|x86.Build.0 = Release|Win32
		{85B3AF8F-7F13-469A-9E11-45B5DCF5E00F}.Debug|x64.ActiveCfg = Debug|x64
		{85B3AF8F-7F13-469A-9E11-45B5DCF5E00F}.Debug|x64.Build.0 = Debug|x64
		{85B3AF8F-7F13-469A-9E11-45B5DCF5E00F}.Debug|x86.ActiveCfg = Debug|Win32
		{85B3AF8F-7F13-469A-9E11-45B5DCF5E00F}.Debug|x86.Build.0 = Debug|Win32
		{85B3AF8F-7F13-469A-9E11-45B5DCF5E00F}.Release|x64.ActiveCfg = Release|x64
		{85B3AF8F-7F13-469A-9E11-45B5DCF5E00F}.Release|x64.Build.0 = Release|x64
		{85B3AF8F-7F13-469A-9E11-45B5DCF5E00F}.Release|x86.ActiveCfg = Release|Win32
		{85B3AF8F-7F13-469A-9E11-45B5DCF5E00F}.Release|x86.Build.0 = Release|Win32
		{2FA90E31-2066-4407-BC9F-67DBFEC20871}.Debug|x64.ActiveCfg = Debug|x64
		{2FA90E31-2066-4407-BC9F-67DBFEC20871}.Debug|x64.Build.0 = Debug|x64
		{2FA90E31-2066-4407-BC9F-67DBFEC20871}.Debug|x86.ActiveCfg = Debug|Win32
		{2FA90E31-2066-4407-BC9F-67DBFEC20871}.Debug|x86.Build.0 = Debug|Win32
		{2FA90E31-2066-4407-BC9F-67DBFEC20871}.Release|x64.ActiveCfg = Release|x64
		{2FA90E31-2066-4407-BC9F-67DBFEC20871}.Release|x64.Build.0 = Release|x64
		{2FA90E31-2066-4407-BC9F-67DBFEC20871}.Release|x86.ActiveCfg = Release|Win32
		{2FA90E31-2066-4407-BC9F-67DBFEC20871}.Release|x86.Build.0 = Release|Win32
		{CF9D9E1E-1D66-4D37-87DD-F18530786F99}.Debug|x64.ActiveCfg = Debug|x64
		{CF9D9E1E-1D66-4D37-87DD-F18530786F99}.Debug|x64.Build.0 = Debug|x64
		{CF9D9E1E-1D66-4D37-87DD-F18530786F99}.Debug|x86.ActiveCfg = Debug|Win32
		{CF9D9E1E-1D66-4D37-87DD-F18530786F99}.Debug|x86.Build.0 = Debug|Win32
		{CF9D9E1E-1D66-4D37-87DD-F18530786F99}.Release|x64.ActiveCfg = Release|x64
		{CF9D9E1E-1D66-4D37-87DD-F18530786F99}.Release|x64.Build.0 = Release|x64
		{CF9D9E1E-1D66-4D37-87DD-F18530786F99}.Release|x86.ActiveCfg = Release|Win32
		{CF9D9E1E-1D66-4D37-87DD-F18530786F99}.Release|x86.Build.0 = Release|Win32
		{C405C25C-A236-40DE-ABAB-F2CB81133EFC}.Debug|x64.ActiveCfg = Debug|x64
		{C405C25C-A236-40DE-ABAB-F2CB81133EFC}.Debug|x64.Build.0 = Debug|x64
		{C405C25C-A236-40DE-ABAB-F2CB81133EFC}.Debug|x86.ActiveCfg = Debug|Win32
		{C405C25C-A236-40DE-ABAB-F2CB81133EFC}.Debug|x86.Build.0 = Debug|Win32
		{C405C25C-A236-40DE-ABAB-F2CB81133EFC}.Release|x64.ActiveCfg = Release|x64
		{C405C25C-A236-40DE-ABAB-F2CB81133EFC}.Release|x64.Build.0 = Release|x64
		{C405C25C-A236-40DE-ABAB-F2CB81133EFC}.Release|x86.ActiveCfg = Release|Win32
		{C405C25C-A236-40DE-ABAB-F2CB81133EFC}.Release|x86.Build.0 = Release|Win32
		{910C429A-3650-4E89-8B88-6340E895D471}.Debug|x64.ActiveCfg = Debug|x64
		{910C429A-3650-4E89-8B88-6340E895D471}.Debug|x64.Build.0 = Debug|x64
		{910C429A-3650-4E89-8B88-6340E895D471}.Debug|x86.ActiveCfg = Debug|Win32
		{910C429A-3650-4E89-8B88-6340E895D471}.Debug|x86.Build.0 = Debug|Win32
		{910C429A-3650-4E89-8B88-6340E895D471}.Release|x64.ActiveCfg = Release|x64
		{910C429A-3650-4E89-8B88-6340E895D471}.Release|x64.Build.0 = Release|x64
		{910C429A-3650-4E89-8B88-6340E895D471}.Release|x86.ActiveCfg = Release|Win32
		{910C429A-3650-4E89-8B88-6340E895D471}.Release|x86.Build.0 = Release|Win32
		{72553B18-B0D5-41DA-937D-083FBCFC0EE5}.Debug|x64.ActiveCfg = Debug|x64
		{72553B18-B0D5-41DA-937D-083FBCFC0EE5}.Debug|x64.Build.0 = Debug|x64
		{72553B18-B0D5-41DA-937D-083FBCFC0EE5}.Debug|x86.ActiveCfg = Debug|Win32
		{72553B18-B0D5-41DA-937D-083FBCFC0EE5}.Debug|x86.Build.0 = Debug|Win32
		{72553B18-B0D5-41DA-937D-083FBCFC0EE5}.Release|x64.ActiveCfg = Release|x64
		{72553B18-B0D5-41DA-937D-083FBCFC0EE5}.Release|x64.Build.0 = Release|x64
		{72553B18-B0D5-41DA-937D-083FBCFC0EE5}.Release|x86.ActiveCfg = Release|Win32
		{72553B18-B0D5-41DA-937D-083FBCFC0EE5}.Release|x86.Build.0 = Release|Win32
		{F72172D7-E61A-4055-B9CD-CDDB350281BE}.Debug|x64.ActiveCfg = Debug|x64
		{F72172D7-E61A-4055-B9CD-CDDB350281BE}.Debug|x64.Build.0 = Debug|x64
		{F72172D7-E61A-4055-B9CD-CDDB350281BE}.Debug|x86.ActiveCfg = Debug|Win32
		{F72172D7-E61A-4055-B9CD-CDDB350281BE}.Debug|x86.Build.0 = Debug|Win32
		{F72172D7-E61A-4055-B9CD-CDDB350281BE}.Release|x64.ActiveCfg = Release|x64
		{F72172D7-E61A-4055-B9CD-CDDB350281BE}.Release|x64.Build.0 = Release|x64
		{F72172D7-E61A-4055-B9CD-CDDB350281BE}.Release|x86.ActiveCfg = Release|Win32
		{F72172D7-E61A-4055-B9CD-CDDB350281BE}.Release|x86.Build.0 = Release|Win32
		{FF7CA75C-B247-47C9-A6B5-A7E3F8CEB67A}.Debug|x64.ActiveCfg = Debug|x64
		{FF7CA75C-B247-47C9-A6B5-A7E3F8CEB67A}.Debug|x64.Build.0 = Debug|x64
		{FF7CA75C-B247-47C9-A6B5-A7E3F8CEB67A}.Debug|x86.ActiveCfg = Debug|Win32
		{FF7CA75C-B247-47C9-A6B5-A7E3F8CEB67A}.Debug|x86.Build.0 = Debug|Win32
		{FF7CA75C-B247-47C9-A6B5-A7E3F8CEB67A}.Release|x64.ActiveCfg = Release|x64
		{FF7CA75C-B247-47C9-A6B5-A7E3F8CEB67A}.Release|x64.Build.0 = Release|x64
		{FF7CA75C-B247-47C9-A6B5-A7E3F8CEB67A}.Release|x86.ActiveCfg = Release|Win32
		{FF7CA75C-B247-47C9-A6B5-A7E3F8CEB67A}.Release|x86.Build.0 = Release|Win32
		{A6CF050F-A409-427E-A4A3-EF409321B1B4}.Debug|x64.ActiveCfg = Debug|x64
		{A6CF050F-A409-427E-A4A3-EF409321B1B4}.Debug|x64.Build.0 = Debug|x64
		{A6CF050F-A409-427E-A4A3-EF409321B1B4}.Debug|x86.ActiveCfg = Debug|Win32
		{A6CF050F-A409-427E-A4A3-EF409321B1B4}.Debug|x86.Build.0 = Debug|Win32
		{A6CF050F-A409-427E-A4A3-EF409321B1B4}.Release|x64.ActiveCfg = Release|x64
		{A6CF050F-A409-427E-A4A3-EF409321B1B4}.Release|x64.Build.0 = Release|x64
		{A6CF050F-A409-427E-A4A3-EF409321B1B4}.Release|x86.ActiveCfg = Release|Win32
		{A6CF050F-A409-427E-A4A3-EF409321B1B4}.Release|x86.Build.0 = Release|Win32
		{E6168990-6C41-4A50-A696-3F3F6D7F6057}.Debug|x64.ActiveCfg = Debug|x64
		{E6168990-6C41-4A50-A696-3F3F6D7F6057}.Debug|x64.Build.0 = Debug|x64
		{E6168990-6C41-4A50-A696-3F3F6D7F6057}.Debug|x86.ActiveCfg = Debug|Win32
		{E6168990-6C41-4A50-A696-3F3F6D7F6057}.Debug|x86.Build.0 = Debug|Win32
		{E6168990-6C41-4A50-A696-3F3F6D7F6057}.Release|x64.ActiveCfg = Release|x64
		{E6168990-6C41-4A50-A696-3F3F6D7F6057}.Release|x64.Build.0 = Release|x64
		{E6168990-6C41-4A50-A696-3F3F6D7F6057}.Release|x86.ActiveCfg = Release|Win32
		{E6168990-6C41-4A50-A696-3F3F6D7F6057}.Release|x86.Build.0 = Release|Win32
		{481CB4F6-5A1F-4886-91AA-B9435263FDF4}.Debug|x64.ActiveCfg = Debug|x64
		{481CB4F6-5A1F-4886-91AA-B9435263FDF4}.Debug|x64.Build.0 = Debug|x64
		{481CB4F6-5A1F-4886-91AA-B9435263FDF4}.Debug|x86.ActiveCfg = Debug|Win32
		{481CB4F6-5A1F-4886-91AA-B9435263FDF4}.Debug|x86.Build.0 = Debug|Win32
		{481CB4F6-5A1F-4886-91AA-B9435263FDF4}.Release|x64.ActiveCfg = Release|x64
		{481CB4F6-5A1F-4886-91AA-B9435263FDF4}.Release|x64.Build.0 = Release|x64
		{481CB4F6-5A1F-4886-91AA-B9435263FDF4}.Release|x86.ActiveCfg = Release|Win32
		{481CB4F6-5A1F-4886-91AA-B9435263FDF4}.Release|x86.Build.0 = Release|Win32
		{24852CE2-6F61-4D23-AF90-40335DA93771}.Debug|x64.ActiveCfg = Debug|x64
		{24852CE2-6F61-4D23-AF90-40335DA93771}.Debug|x64.Build.0 = Debug|x64
		{24852CE2-6F61-4D23-AF90-40335DA93771}.Debug|x86.ActiveCfg = Debug|Win32
		{24852CE2-6F61-4D23-AF90-40335DA93771}.Debug|x86.Build.0 = Debug|Win32
		{24852CE2-6F61-4D23-AF90-40335DA93771}.Release|x64.ActiveCfg = Release|x64
		{24852CE2-6F61-4D23-AF90-40335DA93771}.Release|x64.Build.0 = Release|x64
		{24852CE2-6F61-4D23-AF90-40335DA93771}.Release|x86.ActiveCfg = Release|Win32
		{24852CE2-6F61-4D23-AF90-40335DA93771}.Release|x86.Build.0 = Release|Win32
		{5AA515F7-E4FA-4E31-9994-819FBFC59CBB}.Debug|x64.ActiveCfg = Debug|x64
		{5AA515F7-E4FA-4E31-9994-819FBFC59CBB}.Debug|x64.Build.0 = Debug|x64
		{5AA515F7-E4FA-4E31-9994-819FBFC59CBB}.Debug|x86.ActiveCfg = Debug|Win32
		{5AA515F7-E4FA-4E31-9994-819FBFC59CBB}.Debug|x86.Build.0 = Debug|Win32
		{5AA515F7-E4FA-4E31-9994-819FBFC59CBB}.Release|x64.ActiveCfg = Release|x64
		{5AA515F7-E4FA-4E31-9994-819FBFC59CBB}.Release|x64.Build.0 = Release|x64
		{5AA515F7-E4FA-4E31-9994-819FBFC59CBB}.Release|x86.ActiveCfg = Release|Win32
		{5AA515F7-E4FA-4E31-9994-819FBFC59CBB}.Release|x86.Build.0 = Release|Win32
		{47A7AAC5-367F-416E-9F65-9DF8FDDD9A5E}.Debug|x64.ActiveCfg = Debug|x64
		{47A7AAC5-367F-416E-9F65-9DF8FDDD9A5E}.Debug|x64.Build.0 = Debug|x64
		{47A7AAC5-367F-416E-9F65-9DF8FDDD9A5E}.Debug|x86.ActiveCfg = Debug|Win32
		{47A7AAC5-367F-416E-9F65-9DF8FDDD9A5E}.Debug|x86.Build.0 = Debug|Win32
		{47A7AAC5-367F-416E-9F65-9DF8FDDD9A5E}.Release|x64.ActiveCfg = Release|x64
		{47A7AAC5-367F-416E-9F65-9DF8FDDD9A5E}.Release|x64.Build.0 = Release|x64
		{47A7AAC5-367F-416E-9F65-9DF8FDDD9A5E}.Release|x86.ActiveCfg = Release|Win32
		{47A7AAC5-367F-416E-9F65-9DF8FDDD9A5E}.Release|x86.Build.0 = Release|Win32
		{98B84273-BD74-4937-84D0-DACD915FE1B9}.Debug|x64.ActiveCfg = Debug|x64
		{98B84273-BD74-4937-84D0-DACD915FE1B9}.Debug|x64.Build.0 = Debug|x64
		{98B84273-BD74-4937-84D0-DACD915FE1B9}.Debug|x86.ActiveCfg = Debug|Win32
		{98B84273-BD74-4937-84D0-DACD915FE1B9}.Debug|x86.Build.0 = Debug|Win32
		{98B84273-BD74-4937-84D0-DACD915FE1B9}.Release|x64.ActiveCfg = Release|x64
		{98B84273-BD74-4937-84D0-DACD915FE1B9}.Release|x64.Build.0 = Release|x64
		{98B84273-BD74-4937-84D0-DACD915FE1B9}.Release|x86.ActiveCfg = Release|Win32
		{98B84273-BD74-4937-84D0-DACD915FE1B9}.Release|x86.Build.0 = Release|Win32
		{7D2ACA25-4F20-4678-9F02-49CA39D96D31}.Debug|x64.ActiveCfg = Debug|x64
		{7D2ACA25-4F20-4678-9F02-49CA39D96D31}.Debug|x64.Build.0 = Debug|x64
		{7D2ACA25-4F20-4678-9F02-49CA39D96D31}.Debug|x86.ActiveCfg = Debug|Win32
		{7D2ACA25-4F20-4678-9F02-49CA39D96D31}.Debug|x86.Build.0 = Debug|Win32
		{7D2ACA25-4F20-4678-9F02-49CA39D96D31}.Release|x64.ActiveCfg = Release|x64
		{7D2ACA25-4F20-4678-9F02-49CA39D96D31}.Release|x64.Build.0 = Release|x64
		{7D2ACA25-4F20-4678-9F02-49CA39D96D31}.Release|x86.ActiveCfg = Release|Win32
		{7D2ACA25-4F20-4678-9F02-49CA39D96D31}.Release|x86.Build.0 = Release|Win32
		{43CBF9D2-FF13-4307-98DF-CE7E8F8CB17D}.Debug|x64.ActiveCfg = Debug|x64
		{43CBF9D2-FF13-4307-98DF-CE7E8F8CB17D}.Debug|x64.Build.0 = Debug|x64
		{43CBF9D2-FF13-4307-98DF-CE7E8F8CB17D}.Debug|x86.ActiveCfg = Debug|Win32
		{43CBF9D2-FF13-4307-98DF-CE7E8F8CB17D}.Debug|x86.Build.0 = Debug|Win32
		{43CBF9D2-FF13-4307-98DF-CE7E8F8CB17D}.Release|x64.ActiveCfg = Release|x64
		{43CBF9D2-FF13-4307-98DF-CE7E8F8CB17D}.Release|x64.Build.0 = Release|x64
		{43CBF9D2-FF13-4307-98DF-CE7E8F8CB17D}.Release|x86.ActiveCfg = Release|Win32
		{43CBF9D2-FF13-4307-98DF-CE7E8F8CB17D}.Release|x86.Build.0 = Release|Win32
		{29686E92-1C0C-4E7A-A435-02D12B3FE85B}.Debug|x64.ActiveCfg = Debug|x64
		{29686E92-1C0C-4E7A-A435-02D12B3FE85B}.Debug|x64.Build.0 = Debug|x64
		{29686E92-1C0C-4E7A-A435-02D12B3FE85B}.Debug|x86.ActiveCfg = Debug|Win32
		{29686E92-1C0C-4E7A-A435-02D12B3FE85B}.Debug|x86.Build.0 = Debug|Win32
		{29686E92-1C0C-4E7A-A435-02D12B3FE85B}.Release|x64.ActiveCfg = Release|x64
		{29686E92-1C0C-4E7A-A435-02D12B3FE85B}.Release|x64.Build.0 = Release|x64
		{29686E92-1C0C-4E7A-A435-02D12B3FE85B}.Release|x86.ActiveCfg = Release|Win32
		{29686E92-1C0C-4E7A-A435-02D12B3FE85B}.Release|x86.Build.0 = Release|Win32
		{7E6B4FC6-7258-49B1-AD1E-E889F98FEF99}.Debug|x64.ActiveCfg = Debug|x64
		{7E6B4FC6-7258-49B1-AD1E-E889F98FEF99}.Debug|x64.Build.0 = Debug|x64
		{7E6B4FC6-7258-49B1-AD1E-E889F98FEF99}.Debug|x86.ActiveCfg = Debug|Win32
		{7E6B4FC6-7258-49B1-AD1E-E889F98FEF99}.Debug|x86.Build.0 = Debug|Win32
		{7E6B4FC6-7258-49B1-AD1E-E889F98FEF99}.Release|x64.ActiveCfg = Release|x64
		{7E6B4FC6-7258-49B1-AD1E-E889F98FEF99}.Release|x64.Build.0 = Release|x64
		{7E6B4FC6-7258-49B1-AD1E-E889F98FEF99}.Release|x86.ActiveCfg = Release|Win32
		{7E6B4FC6-7258-49B1-AD1E-E889F98FEF99}.Release|x86.Build.0 = Release|Win32
		{DDB5D51F-BA60-4E18-82EE-E15CE307F6F8}.Debug|x64.ActiveCfg = Debug|x64
		{DDB5D51F-BA60-4E18-82EE-E15CE307F6F8}.Debug|x64.Build.0 = Debug|x64
		{DDB5D51F-BA60-4E18-82EE-E15CE307F6F8}.Debug|x86.ActiveCfg = Debug|Win32
		{DDB5D51F-BA60-4E18-82EE-E15CE307F6F8}.Debug|x86.Build.0 = Debug|Win32
		{DDB5D51F-BA60-4E18-82EE-E15CE307F6F8}.Release|x64.ActiveCfg = Release|x64
		{DDB5D51F-BA60-4E18-82EE-E15CE307F6F8}.Release|x64.Build.0 = Release|x64
		{DDB5D51F-BA60-4E18-82EE-E15CE307F6F8}.Release|x86.ActiveCfg = Release|Win32
		{DDB5D51F-BA60-4E18-82EE-E15CE307F6F8}.Release|x86.Build.0 = Release|Win32
		{87358B90-8A8B-4DAD-A6A2-430135BC5EE8}.Debug|x64.ActiveCfg = Debug|x64
		{87358B90-8A8B-4DAD-A6A2-430135BC5EE8}.Debug|x64.Build.0 = Debug|x64
		{87358B90-8A8B-4DAD-A6A2-430135BC5EE8}.Debug|x86.ActiveCfg = Debug|Win32
		{87358B90-8A8B-4DAD-A6A2-430135BC5EE8}.Debug|x86.Build.0 = Debug|Win32
		{87358B90-8A8B-4DAD-A6A2-430135BC5EE8}.Release|x64.ActiveCfg = Release|x64
		{87358B90-8A8B-4DAD-A6A2-430135BC5EE8}.Release|x64.Build.0 = Release|x64
		{87358B90-8A8B-4DAD-A6A2-430135BC5EE8}.Release|x86.ActiveCfg = Release|Win32
		{87358B90-8A8B-4DAD-A6A2-430135BC5EE8}.Release|x86.Build.0 = Release|Win32
		{3DC4D201-3459-4279-B0D4-232B53568222}.Debug|x64.ActiveCfg = Debug|x64
		{3DC4D201-3459-4279-B0D4-232B53568222}.Debug|x64.Build.0 = Debug|x64
		{3DC4D201-3459-4279-B0D4-232B53568222}.Debug|x86.ActiveCfg = Debug|Win32
		{3DC4D201-3459-4279-B0D4-232B53568222}.Debug|x86.Build.0 = Debug|Win32
		{3DC4D201-3459-4279-B0D4-232B53568222}.Release|x64.ActiveCfg = Release|x64
		{3DC4D201-3459-4279-B0D4-232B53568222}.Release|x64.Build.0 = Release|x64
		{3DC4D201-3459-4279-B0D4-232B53568222}.Release|x86.ActiveCfg = Release|Win32
		{3DC4D201-3459-4279-B0D4-232B53568222}.Release|x86.Build.0 = Release|Win32
		{EC1FE248-EBE8-47E8-AFCD-4725B213DB97}.Debug|x64.ActiveCfg = Debug|x64
		{EC1FE248-EBE8-47E8-AFCD-4725B213DB97}.Debug|x64.Build.0 = Debug|x64
		{EC1FE248-EBE8-47E8-AFCD-4725B213DB97}.Debug|x86.ActiveCfg = Debug|Win32
		{EC1FE248-EBE8-47E8-AFCD-4725B213DB97}.Debug|x86.Build.0 = Debug|Win32
		{EC1FE248-EBE8-47E8-AFCD-4725B213DB97}.Release|x64.ActiveCfg = Release|x64
		{EC1FE248-EBE8-47E8-AFCD-4725B213DB97}.Release|x64.Build.0 = Release|x64
		{EC1FE248-EBE8-47E8-AFCD-4725B213DB97}.Release|x86.ActiveCfg = Release|Win32
		{EC1FE248-EBE8-47E8-AFCD-4725B213DB97}.Release|x86.Build.0 = Release|Win32
	EndGlobalSection
	GlobalSection(SolutionProperties) = preSolution
		HideSolutionNode = FALSE
	EndGlobalSection
	GlobalSection(ExtensibilityGlobals) = postSolution
		SolutionGuid = {661880A4-A192-4A53-9111-8861E18A3AA9}
	EndGlobalSection
EndGlobal
